
Microsoft Visual Studio Solution File, Format Version 12.00
# Visual Studio Version 17
VisualStudioVersion = 17.11.35312.102
MinimumVisualStudioVersion = 10.0.40219.1
Project("{FAE04EC0-301F-11D3-BF4B-00C04F79EFBC}") = "야추", "야추\야추.csproj", "{3E0565F6-51D4-4AE8-B82C-A8E5445C4BA6}"
EndProject
Global
	GlobalSection(SolutionConfigurationPlatforms) = preSolution
		Debug|Any CPU = Debug|Any CPU
		Release|Any CPU = Release|Any CPU
	EndGlobalSection
	GlobalSection(ProjectConfigurationPlatforms) = postSolution
		{3E0565F6-51D4-4AE8-B82C-A8E5445C4BA6}.Debug|Any CPU.ActiveCfg = Debug|Any CPU
		{3E0565F6-51D4-4AE8-B82C-A8E5445C4BA6}.Debug|Any CPU.Build.0 = Debug|Any CPU
		{3E0565F6-51D4-4AE8-B82C-A8E5445C4BA6}.Release|Any CPU.ActiveCfg = Release|Any CPU
		{3E0565F6-51D4-4AE8-B82C-A8E5445C4BA6}.Release|Any CPU.Build.0 = Release|Any CPU
	EndGlobalSection
	GlobalSection(SolutionProperties) = preSolution
		HideSolutionNode = FALSE
	EndGlobalSection
	GlobalSection(ExtensibilityGlobals) = postSolution
		SolutionGuid = {CD427AB8-71E4-4702-9A53-95157363BD40}
	EndGlobalSection
EndGlobal
